version: 1.0
shards:
  kamber-theme-default:
    github: f/kamber-theme-default
    commit: f15d186f2d1d4470385322208ad6b88fa0f553e2

  kemal:
    github: sdogruyol/kemal
    version: 0.18.3

  kilt:
    github: jeromegn/kilt
    version: 0.3.3

  radix:
    github: luislavena/radix
    version: 0.3.8

